// !$*UTF8*$!
{
	archiveVersion = 1;
	classes = {
	};
	objectVersion = 56;
	objects = {

/* Begin PBXBuildFile section */
		C1DAFD782D09BE3C00D8B418 /* HotkeyManagerApp.swift in Sources */ = {isa = PBXBuildFile; fileRef = C1DAFD772D09BE3C00D8B418 /* HotkeyManagerApp.swift */; };
		C1DAFD7A2D09BE3C00D8B418 /* ContentView.swift in Sources */ = {isa = PBXBuildFile; fileRef = C1DAFD792D09BE3C00D8B418 /* ContentView.swift */; };
		C1DAFD7C2D09BE3E00D8B418 /* Assets.xcassets in Resources */ = {isa = PBXBuildFile; fileRef = C1DAFD7B2D09BE3E00D8B418 /* Assets.xcassets */; };
		C1DAFD7F2D09BE3E00D8B418 /* Preview Assets.xcassets in Resources */ = {isa = PBXBuildFile; fileRef = C1DAFD7E2D09BE3E00D8B418 /* Preview Assets.xcassets */; };
		C1DAFD8A2D09BE3E00D8B418 /* HotkeyManagerTests.swift in Sources */ = {isa = PBXBuildFile; fileRef = C1DAFD892D09BE3E00D8B418 /* HotkeyManagerTests.swift */; };
		C1DAFD942D09BE3E00D8B418 /* HotkeyManagerUITests.swift in Sources */ = {isa = PBXBuildFile; fileRef = C1DAFD932D09BE3E00D8B418 /* HotkeyManagerUITests.swift */; };
		C1DAFD962D09BE3E00D8B418 /* HotkeyManagerUITestsLaunchTests.swift in Sources */ = {isa = PBXBuildFile; fileRef = C1DAFD952D09BE3E00D8B418 /* HotkeyManagerUITestsLaunchTests.swift */; };
		C1DAFDA62D09CE1B00D8B418 /* MenuBarService.swift in Sources */ = {isa = PBXBuildFile; fileRef = C1DAFDA52D09CE1B00D8B418 /* MenuBarService.swift */; };
		C1DAFDA82D09CEF000D8B418 /* MenuItem.swift in Sources */ = {isa = PBXBuildFile; fileRef = C1DAFDA72D09CEF000D8B418 /* MenuItem.swift */; };
		C1DAFDAA2D09CF4000D8B418 /* Application.swift in Sources */ = {isa = PBXBuildFile; fileRef = C1DAFDA92D09CF4000D8B418 /* Application.swift */; };
		C1DAFDAF2D09D12800D8B418 /* HotkeyManager.xcdatamodeld in Sources */ = {isa = PBXBuildFile; fileRef = C1DAFDAD2D09D12800D8B418 /* HotkeyManager.xcdatamodeld */; };
		C1DAFDB22D09D1D900D8B418 /* DataController.swift in Sources */ = {isa = PBXBuildFile; fileRef = C1DAFDB12D09D1D900D8B418 /* DataController.swift */; };
		C1DAFDB42D09D38A00D8B418 /* MenuItemType.swift in Sources */ = {isa = PBXBuildFile; fileRef = C1DAFDB32D09D38A00D8B418 /* MenuItemType.swift */; };
		C1DAFDB62D09D3EB00D8B418 /* Hotkey.swift in Sources */ = {isa = PBXBuildFile; fileRef = C1DAFDB52D09D3EB00D8B418 /* Hotkey.swift */; };
		C1DAFDB82D09D44600D8B418 /* KeyCode.swift in Sources */ = {isa = PBXBuildFile; fileRef = C1DAFDB72D09D44600D8B418 /* KeyCode.swift */; };
		C1DAFDBC2D09D47500D8B418 /* KeyCodes.xcstrings in Resources */ = {isa = PBXBuildFile; fileRef = C1DAFDBB2D09D47500D8B418 /* KeyCodes.xcstrings */; };
		C1DAFDBE2D09D72F00D8B418 /* MenuBarElement.swift in Sources */ = {isa = PBXBuildFile; fileRef = C1DAFDBD2D09D72F00D8B418 /* MenuBarElement.swift */; };
		C1DAFDC02D09D88100D8B418 /* ConstMenuBar.swift in Sources */ = {isa = PBXBuildFile; fileRef = C1DAFDBF2D09D88100D8B418 /* ConstMenuBar.swift */; };
		C1DAFDC52D09DF9000D8B418 /* AccessibilityPermissionManager.swift in Sources */ = {isa = PBXBuildFile; fileRef = C1DAFDC42D09DF9000D8B418 /* AccessibilityPermissionManager.swift */; };
		C1DAFDC82D09E04700D8B418 /* WorkspaceReceiver.swift in Sources */ = {isa = PBXBuildFile; fileRef = C1DAFDC72D09E04700D8B418 /* WorkspaceReceiver.swift */; };
		C1DAFDCC2D09E08400D8B418 /* AppVM.swift in Sources */ = {isa = PBXBuildFile; fileRef = C1DAFDCB2D09E08400D8B418 /* AppVM.swift */; };
		C1DAFDCE2D09E5DE00D8B418 /* HotkeyVM.swift in Sources */ = {isa = PBXBuildFile; fileRef = C1DAFDCD2D09E5DE00D8B418 /* HotkeyVM.swift */; };
		C1DAFDD02D09EFBA00D8B418 /* SectionListView.swift in Sources */ = {isa = PBXBuildFile; fileRef = C1DAFDCF2D09EFBA00D8B418 /* SectionListView.swift */; };
		C1DAFDD22D09EFF700D8B418 /* SectionView.swift in Sources */ = {isa = PBXBuildFile; fileRef = C1DAFDD12D09EFF700D8B418 /* SectionView.swift */; };
/* End PBXBuildFile section */

/* Begin PBXContainerItemProxy section */
		C1DAFD862D09BE3E00D8B418 /* PBXContainerItemProxy */ = {
			isa = PBXContainerItemProxy;
			containerPortal = C1DAFD6C2D09BE3C00D8B418 /* Project object */;
			proxyType = 1;
			remoteGlobalIDString = C1DAFD732D09BE3C00D8B418;
			remoteInfo = HotkeyManager;
		};
		C1DAFD902D09BE3E00D8B418 /* PBXContainerItemProxy */ = {
			isa = PBXContainerItemProxy;
			containerPortal = C1DAFD6C2D09BE3C00D8B418 /* Project object */;
			proxyType = 1;
			remoteGlobalIDString = C1DAFD732D09BE3C00D8B418;
			remoteInfo = HotkeyManager;
		};
/* End PBXContainerItemProxy section */

/* Begin PBXFileReference section */
		C1DAFD742D09BE3C00D8B418 /* HotkeyManager.app */ = {isa = PBXFileReference; explicitFileType = wrapper.application; includeInIndex = 0; path = HotkeyManager.app; sourceTree = BUILT_PRODUCTS_DIR; };
		C1DAFD772D09BE3C00D8B418 /* HotkeyManagerApp.swift */ = {isa = PBXFileReference; lastKnownFileType = sourcecode.swift; path = HotkeyManagerApp.swift; sourceTree = "<group>"; };
		C1DAFD792D09BE3C00D8B418 /* ContentView.swift */ = {isa = PBXFileReference; lastKnownFileType = sourcecode.swift; path = ContentView.swift; sourceTree = "<group>"; };
		C1DAFD7B2D09BE3E00D8B418 /* Assets.xcassets */ = {isa = PBXFileReference; lastKnownFileType = folder.assetcatalog; path = Assets.xcassets; sourceTree = "<group>"; };
		C1DAFD7E2D09BE3E00D8B418 /* Preview Assets.xcassets */ = {isa = PBXFileReference; lastKnownFileType = folder.assetcatalog; path = "Preview Assets.xcassets"; sourceTree = "<group>"; };
		C1DAFD802D09BE3E00D8B418 /* HotkeyManager.entitlements */ = {isa = PBXFileReference; lastKnownFileType = text.plist.entitlements; path = HotkeyManager.entitlements; sourceTree = "<group>"; };
		C1DAFD852D09BE3E00D8B418 /* HotkeyManagerTests.xctest */ = {isa = PBXFileReference; explicitFileType = wrapper.cfbundle; includeInIndex = 0; path = HotkeyManagerTests.xctest; sourceTree = BUILT_PRODUCTS_DIR; };
		C1DAFD892D09BE3E00D8B418 /* HotkeyManagerTests.swift */ = {isa = PBXFileReference; lastKnownFileType = sourcecode.swift; path = HotkeyManagerTests.swift; sourceTree = "<group>"; };
		C1DAFD8F2D09BE3E00D8B418 /* HotkeyManagerUITests.xctest */ = {isa = PBXFileReference; explicitFileType = wrapper.cfbundle; includeInIndex = 0; path = HotkeyManagerUITests.xctest; sourceTree = BUILT_PRODUCTS_DIR; };
		C1DAFD932D09BE3E00D8B418 /* HotkeyManagerUITests.swift */ = {isa = PBXFileReference; lastKnownFileType = sourcecode.swift; path = HotkeyManagerUITests.swift; sourceTree = "<group>"; };
		C1DAFD952D09BE3E00D8B418 /* HotkeyManagerUITestsLaunchTests.swift */ = {isa = PBXFileReference; lastKnownFileType = sourcecode.swift; path = HotkeyManagerUITestsLaunchTests.swift; sourceTree = "<group>"; };
		C1DAFDA22D09BE9D00D8B418 /* ReadMe.md */ = {isa = PBXFileReference; lastKnownFileType = net.daringfireball.markdown; path = ReadMe.md; sourceTree = "<group>"; };
		C1DAFDA52D09CE1B00D8B418 /* MenuBarService.swift */ = {isa = PBXFileReference; lastKnownFileType = sourcecode.swift; path = MenuBarService.swift; sourceTree = "<group>"; };
		C1DAFDA72D09CEF000D8B418 /* MenuItem.swift */ = {isa = PBXFileReference; lastKnownFileType = sourcecode.swift; path = MenuItem.swift; sourceTree = "<group>"; };
		C1DAFDA92D09CF4000D8B418 /* Application.swift */ = {isa = PBXFileReference; lastKnownFileType = sourcecode.swift; path = Application.swift; sourceTree = "<group>"; };
		C1DAFDAE2D09D12800D8B418 /* HotkeyManager.xcdatamodel */ = {isa = PBXFileReference; lastKnownFileType = wrapper.xcdatamodel; path = HotkeyManager.xcdatamodel; sourceTree = "<group>"; };
		C1DAFDB12D09D1D900D8B418 /* DataController.swift */ = {isa = PBXFileReference; lastKnownFileType = sourcecode.swift; path = DataController.swift; sourceTree = "<group>"; };
		C1DAFDB32D09D38A00D8B418 /* MenuItemType.swift */ = {isa = PBXFileReference; lastKnownFileType = sourcecode.swift; path = MenuItemType.swift; sourceTree = "<group>"; };
		C1DAFDB52D09D3EB00D8B418 /* Hotkey.swift */ = {isa = PBXFileReference; lastKnownFileType = sourcecode.swift; path = Hotkey.swift; sourceTree = "<group>"; };
		C1DAFDB72D09D44600D8B418 /* KeyCode.swift */ = {isa = PBXFileReference; lastKnownFileType = sourcecode.swift; path = KeyCode.swift; sourceTree = "<group>"; };
		C1DAFDBB2D09D47500D8B418 /* KeyCodes.xcstrings */ = {isa = PBXFileReference; fileEncoding = 4; lastKnownFileType = text.json.xcstrings; path = KeyCodes.xcstrings; sourceTree = "<group>"; };
		C1DAFDBD2D09D72F00D8B418 /* MenuBarElement.swift */ = {isa = PBXFileReference; lastKnownFileType = sourcecode.swift; path = MenuBarElement.swift; sourceTree = "<group>"; };
		C1DAFDBF2D09D88100D8B418 /* ConstMenuBar.swift */ = {isa = PBXFileReference; lastKnownFileType = sourcecode.swift; path = ConstMenuBar.swift; sourceTree = "<group>"; };
		C1DAFDC42D09DF9000D8B418 /* AccessibilityPermissionManager.swift */ = {isa = PBXFileReference; lastKnownFileType = sourcecode.swift; path = AccessibilityPermissionManager.swift; sourceTree = "<group>"; };
		C1DAFDC72D09E04700D8B418 /* WorkspaceReceiver.swift */ = {isa = PBXFileReference; lastKnownFileType = sourcecode.swift; path = WorkspaceReceiver.swift; sourceTree = "<group>"; };
		C1DAFDCB2D09E08400D8B418 /* AppVM.swift */ = {isa = PBXFileReference; lastKnownFileType = sourcecode.swift; path = AppVM.swift; sourceTree = "<group>"; };
		C1DAFDCD2D09E5DE00D8B418 /* HotkeyVM.swift */ = {isa = PBXFileReference; lastKnownFileType = sourcecode.swift; path = HotkeyVM.swift; sourceTree = "<group>"; };
		C1DAFDCF2D09EFBA00D8B418 /* SectionListView.swift */ = {isa = PBXFileReference; lastKnownFileType = sourcecode.swift; path = SectionListView.swift; sourceTree = "<group>"; };
		C1DAFDD12D09EFF700D8B418 /* SectionView.swift */ = {isa = PBXFileReference; lastKnownFileType = sourcecode.swift; path = SectionView.swift; sourceTree = "<group>"; };
/* End PBXFileReference section */

/* Begin PBXFrameworksBuildPhase section */
		C1DAFD712D09BE3C00D8B418 /* Frameworks */ = {
			isa = PBXFrameworksBuildPhase;
			buildActionMask = 2147483647;
			files = (
			);
			runOnlyForDeploymentPostprocessing = 0;
		};
		C1DAFD822D09BE3E00D8B418 /* Frameworks */ = {
			isa = PBXFrameworksBuildPhase;
			buildActionMask = 2147483647;
			files = (
			);
			runOnlyForDeploymentPostprocessing = 0;
		};
		C1DAFD8C2D09BE3E00D8B418 /* Frameworks */ = {
			isa = PBXFrameworksBuildPhase;
			buildActionMask = 2147483647;
			files = (
			);
			runOnlyForDeploymentPostprocessing = 0;
		};
/* End PBXFrameworksBuildPhase section */

/* Begin PBXGroup section */
		C1DAFD6B2D09BE3C00D8B418 = {
			isa = PBXGroup;
			children = (
				C1DAFDA22D09BE9D00D8B418 /* ReadMe.md */,
				C1DAFD762D09BE3C00D8B418 /* HotkeyManager */,
				C1DAFD882D09BE3E00D8B418 /* HotkeyManagerTests */,
				C1DAFD922D09BE3E00D8B418 /* HotkeyManagerUITests */,
				C1DAFD752D09BE3C00D8B418 /* Products */,
			);
			sourceTree = "<group>";
		};
		C1DAFD752D09BE3C00D8B418 /* Products */ = {
			isa = PBXGroup;
			children = (
				C1DAFD742D09BE3C00D8B418 /* HotkeyManager.app */,
				C1DAFD852D09BE3E00D8B418 /* HotkeyManagerTests.xctest */,
				C1DAFD8F2D09BE3E00D8B418 /* HotkeyManagerUITests.xctest */,
			);
			name = Products;
			sourceTree = "<group>";
		};
		C1DAFD762D09BE3C00D8B418 /* HotkeyManager */ = {
			isa = PBXGroup;
			children = (
				C1DAFD772D09BE3C00D8B418 /* HotkeyManagerApp.swift */,
				C1DAFDA32D09CA3900D8B418 /* Views */,
				C1DAFDAB2D09D10800D8B418 /* Core */,
				C1DAFD7B2D09BE3E00D8B418 /* Assets.xcassets */,
				C1DAFD802D09BE3E00D8B418 /* HotkeyManager.entitlements */,
				C1DAFD7D2D09BE3E00D8B418 /* Preview Content */,
			);
			path = HotkeyManager;
			sourceTree = "<group>";
		};
		C1DAFD7D2D09BE3E00D8B418 /* Preview Content */ = {
			isa = PBXGroup;
			children = (
				C1DAFD7E2D09BE3E00D8B418 /* Preview Assets.xcassets */,
			);
			path = "Preview Content";
			sourceTree = "<group>";
		};
		C1DAFD882D09BE3E00D8B418 /* HotkeyManagerTests */ = {
			isa = PBXGroup;
			children = (
				C1DAFD892D09BE3E00D8B418 /* HotkeyManagerTests.swift */,
			);
			path = HotkeyManagerTests;
			sourceTree = "<group>";
		};
		C1DAFD922D09BE3E00D8B418 /* HotkeyManagerUITests */ = {
			isa = PBXGroup;
			children = (
				C1DAFD932D09BE3E00D8B418 /* HotkeyManagerUITests.swift */,
				C1DAFD952D09BE3E00D8B418 /* HotkeyManagerUITestsLaunchTests.swift */,
			);
			path = HotkeyManagerUITests;
			sourceTree = "<group>";
		};
		C1DAFDA32D09CA3900D8B418 /* Views */ = {
			isa = PBXGroup;
			children = (
				C1DAFD792D09BE3C00D8B418 /* ContentView.swift */,
				C1DAFDCF2D09EFBA00D8B418 /* SectionListView.swift */,
				C1DAFDD12D09EFF700D8B418 /* SectionView.swift */,
			);
			path = Views;
			sourceTree = "<group>";
		};
		C1DAFDA42D09CE0800D8B418 /* Services */ = {
			isa = PBXGroup;
			children = (
				C1DAFDC72D09E04700D8B418 /* WorkspaceReceiver.swift */,
				C1DAFDC12D09DF3400D8B418 /* MenuBar */,
			);
			path = Services;
			sourceTree = "<group>";
		};
		C1DAFDAB2D09D10800D8B418 /* Core */ = {
			isa = PBXGroup;
			children = (
				C1DAFDC92D09E06C00D8B418 /* ViewModel */,
				C1DAFDC32D09DF6100D8B418 /* Manager */,
				C1DAFDB92D09D45D00D8B418 /* Constants */,
				C1DAFDAC2D09D11600D8B418 /* Data */,
				C1DAFDB02D09D14900D8B418 /* Models */,
				C1DAFDA42D09CE0800D8B418 /* Services */,
			);
			path = Core;
			sourceTree = "<group>";
		};
		C1DAFDAC2D09D11600D8B418 /* Data */ = {
			isa = PBXGroup;
			children = (
				C1DAFDAD2D09D12800D8B418 /* HotkeyManager.xcdatamodeld */,
				C1DAFDB12D09D1D900D8B418 /* DataController.swift */,
			);
			path = Data;
			sourceTree = "<group>";
		};
		C1DAFDB02D09D14900D8B418 /* Models */ = {
			isa = PBXGroup;
			children = (
				C1DAFDA92D09CF4000D8B418 /* Application.swift */,
				C1DAFDB52D09D3EB00D8B418 /* Hotkey.swift */,
				C1DAFDA72D09CEF000D8B418 /* MenuItem.swift */,
				C1DAFDB32D09D38A00D8B418 /* MenuItemType.swift */,
			);
			path = Models;
			sourceTree = "<group>";
		};
		C1DAFDB92D09D45D00D8B418 /* Constants */ = {
			isa = PBXGroup;
			children = (
				C1DAFDDB2D0A0DCE00D8B418 /* KeyCodes */,
			);
			path = Constants;
			sourceTree = "<group>";
		};
		C1DAFDC12D09DF3400D8B418 /* MenuBar */ = {
			isa = PBXGroup;
			children = (
				C1DAFDBF2D09D88100D8B418 /* ConstMenuBar.swift */,
				C1DAFDA52D09CE1B00D8B418 /* MenuBarService.swift */,
				C1DAFDBD2D09D72F00D8B418 /* MenuBarElement.swift */,
			);
			path = MenuBar;
			sourceTree = "<group>";
		};
		C1DAFDC32D09DF6100D8B418 /* Manager */ = {
			isa = PBXGroup;
			children = (
				C1DAFDC42D09DF9000D8B418 /* AccessibilityPermissionManager.swift */,
			);
			path = Manager;
			sourceTree = "<group>";
		};
		C1DAFDC92D09E06C00D8B418 /* ViewModel */ = {
			isa = PBXGroup;
			children = (
				C1DAFDCB2D09E08400D8B418 /* AppVM.swift */,
				C1DAFDCD2D09E5DE00D8B418 /* HotkeyVM.swift */,
			);
			path = ViewModel;
			sourceTree = "<group>";
		};
		C1DAFDDB2D0A0DCE00D8B418 /* KeyCodes */ = {
			isa = PBXGroup;
			children = (
				C1DAFDBB2D09D47500D8B418 /* KeyCodes.xcstrings */,
				C1DAFDB72D09D44600D8B418 /* KeyCode.swift */,
			);
			path = KeyCodes;
			sourceTree = "<group>";
		};
/* End PBXGroup section */

/* Begin PBXNativeTarget section */
		C1DAFD732D09BE3C00D8B418 /* HotkeyManager */ = {
			isa = PBXNativeTarget;
			buildConfigurationList = C1DAFD992D09BE3E00D8B418 /* Build configuration list for PBXNativeTarget "HotkeyManager" */;
			buildPhases = (
				C1DAFD702D09BE3C00D8B418 /* Sources */,
				C1DAFD712D09BE3C00D8B418 /* Frameworks */,
				C1DAFD722D09BE3C00D8B418 /* Resources */,
			);
			buildRules = (
			);
			dependencies = (
			);
			name = HotkeyManager;
			productName = HotkeyManager;
			productReference = C1DAFD742D09BE3C00D8B418 /* HotkeyManager.app */;
			productType = "com.apple.product-type.application";
		};
		C1DAFD842D09BE3E00D8B418 /* HotkeyManagerTests */ = {
			isa = PBXNativeTarget;
			buildConfigurationList = C1DAFD9C2D09BE3E00D8B418 /* Build configuration list for PBXNativeTarget "HotkeyManagerTests" */;
			buildPhases = (
				C1DAFD812D09BE3E00D8B418 /* Sources */,
				C1DAFD822D09BE3E00D8B418 /* Frameworks */,
				C1DAFD832D09BE3E00D8B418 /* Resources */,
			);
			buildRules = (
			);
			dependencies = (
				C1DAFD872D09BE3E00D8B418 /* PBXTargetDependency */,
			);
			name = HotkeyManagerTests;
			productName = HotkeyManagerTests;
			productReference = C1DAFD852D09BE3E00D8B418 /* HotkeyManagerTests.xctest */;
			productType = "com.apple.product-type.bundle.unit-test";
		};
		C1DAFD8E2D09BE3E00D8B418 /* HotkeyManagerUITests */ = {
			isa = PBXNativeTarget;
			buildConfigurationList = C1DAFD9F2D09BE3E00D8B418 /* Build configuration list for PBXNativeTarget "HotkeyManagerUITests" */;
			buildPhases = (
				C1DAFD8B2D09BE3E00D8B418 /* Sources */,
				C1DAFD8C2D09BE3E00D8B418 /* Frameworks */,
				C1DAFD8D2D09BE3E00D8B418 /* Resources */,
			);
			buildRules = (
			);
			dependencies = (
				C1DAFD912D09BE3E00D8B418 /* PBXTargetDependency */,
			);
			name = HotkeyManagerUITests;
			productName = HotkeyManagerUITests;
			productReference = C1DAFD8F2D09BE3E00D8B418 /* HotkeyManagerUITests.xctest */;
			productType = "com.apple.product-type.bundle.ui-testing";
		};
/* End PBXNativeTarget section */

/* Begin PBXProject section */
		C1DAFD6C2D09BE3C00D8B418 /* Project object */ = {
			isa = PBXProject;
			attributes = {
				BuildIndependentTargetsInParallel = 1;
				LastSwiftUpdateCheck = 1520;
				LastUpgradeCheck = 1520;
				TargetAttributes = {
					C1DAFD732D09BE3C00D8B418 = {
						CreatedOnToolsVersion = 15.2;
					};
					C1DAFD842D09BE3E00D8B418 = {
						CreatedOnToolsVersion = 15.2;
						TestTargetID = C1DAFD732D09BE3C00D8B418;
					};
					C1DAFD8E2D09BE3E00D8B418 = {
						CreatedOnToolsVersion = 15.2;
						TestTargetID = C1DAFD732D09BE3C00D8B418;
					};
				};
			};
			buildConfigurationList = C1DAFD6F2D09BE3C00D8B418 /* Build configuration list for PBXProject "HotkeyManager" */;
			compatibilityVersion = "Xcode 14.0";
			developmentRegion = en;
			hasScannedForEncodings = 0;
			knownRegions = (
				en,
				Base,
			);
			mainGroup = C1DAFD6B2D09BE3C00D8B418;
			productRefGroup = C1DAFD752D09BE3C00D8B418 /* Products */;
			projectDirPath = "";
			projectRoot = "";
			targets = (
				C1DAFD732D09BE3C00D8B418 /* HotkeyManager */,
				C1DAFD842D09BE3E00D8B418 /* HotkeyManagerTests */,
				C1DAFD8E2D09BE3E00D8B418 /* HotkeyManagerUITests */,
			);
		};
/* End PBXProject section */

/* Begin PBXResourcesBuildPhase section */
		C1DAFD722D09BE3C00D8B418 /* Resources */ = {
			isa = PBXResourcesBuildPhase;
			buildActionMask = 2147483647;
			files = (
				C1DAFDBC2D09D47500D8B418 /* KeyCodes.xcstrings in Resources */,
				C1DAFD7F2D09BE3E00D8B418 /* Preview Assets.xcassets in Resources */,
				C1DAFD7C2D09BE3E00D8B418 /* Assets.xcassets in Resources */,
			);
			runOnlyForDeploymentPostprocessing = 0;
		};
		C1DAFD832D09BE3E00D8B418 /* Resources */ = {
			isa = PBXResourcesBuildPhase;
			buildActionMask = 2147483647;
			files = (
			);
			runOnlyForDeploymentPostprocessing = 0;
		};
		C1DAFD8D2D09BE3E00D8B418 /* Resources */ = {
			isa = PBXResourcesBuildPhase;
			buildActionMask = 2147483647;
			files = (
			);
			runOnlyForDeploymentPostprocessing = 0;
		};
/* End PBXResourcesBuildPhase section */

/* Begin PBXSourcesBuildPhase section */
		C1DAFD702D09BE3C00D8B418 /* Sources */ = {
			isa = PBXSourcesBuildPhase;
			buildActionMask = 2147483647;
			files = (
				C1DAFDCE2D09E5DE00D8B418 /* HotkeyVM.swift in Sources */,
				C1DAFDC52D09DF9000D8B418 /* AccessibilityPermissionManager.swift in Sources */,
				C1DAFDD22D09EFF700D8B418 /* SectionView.swift in Sources */,
				C1DAFDB82D09D44600D8B418 /* KeyCode.swift in Sources */,
				C1DAFDAA2D09CF4000D8B418 /* Application.swift in Sources */,
				C1DAFDC82D09E04700D8B418 /* WorkspaceReceiver.swift in Sources */,
				C1DAFDCC2D09E08400D8B418 /* AppVM.swift in Sources */,
				C1DAFDAF2D09D12800D8B418 /* HotkeyManager.xcdatamodeld in Sources */,
				C1DAFDB62D09D3EB00D8B418 /* Hotkey.swift in Sources */,
				C1DAFDB22D09D1D900D8B418 /* DataController.swift in Sources */,
				C1DAFDB42D09D38A00D8B418 /* MenuItemType.swift in Sources */,
				C1DAFDC02D09D88100D8B418 /* ConstMenuBar.swift in Sources */,
				C1DAFDD02D09EFBA00D8B418 /* SectionListView.swift in Sources */,
				C1DAFD7A2D09BE3C00D8B418 /* ContentView.swift in Sources */,
				C1DAFDBE2D09D72F00D8B418 /* MenuBarElement.swift in Sources */,
				C1DAFDA82D09CEF000D8B418 /* MenuItem.swift in Sources */,
				C1DAFDA62D09CE1B00D8B418 /* MenuBarService.swift in Sources */,
				C1DAFD782D09BE3C00D8B418 /* HotkeyManagerApp.swift in Sources */,
			);
			runOnlyForDeploymentPostprocessing = 0;
		};
		C1DAFD812D09BE3E00D8B418 /* Sources */ = {
			isa = PBXSourcesBuildPhase;
			buildActionMask = 2147483647;
			files = (
				C1DAFD8A2D09BE3E00D8B418 /* HotkeyManagerTests.swift in Sources */,
			);
			runOnlyForDeploymentPostprocessing = 0;
		};
		C1DAFD8B2D09BE3E00D8B418 /* Sources */ = {
			isa = PBXSourcesBuildPhase;
			buildActionMask = 2147483647;
			files = (
				C1DAFD962D09BE3E00D8B418 /* HotkeyManagerUITestsLaunchTests.swift in Sources */,
				C1DAFD942D09BE3E00D8B418 /* HotkeyManagerUITests.swift in Sources */,
			);
			runOnlyForDeploymentPostprocessing = 0;
		};
/* End PBXSourcesBuildPhase section */

/* Begin PBXTargetDependency section */
		C1DAFD872D09BE3E00D8B418 /* PBXTargetDependency */ = {
			isa = PBXTargetDependency;
			target = C1DAFD732D09BE3C00D8B418 /* HotkeyManager */;
			targetProxy = C1DAFD862D09BE3E00D8B418 /* PBXContainerItemProxy */;
		};
		C1DAFD912D09BE3E00D8B418 /* PBXTargetDependency */ = {
			isa = PBXTargetDependency;
			target = C1DAFD732D09BE3C00D8B418 /* HotkeyManager */;
			targetProxy = C1DAFD902D09BE3E00D8B418 /* PBXContainerItemProxy */;
		};
/* End PBXTargetDependency section */

/* Begin XCBuildConfiguration section */
		C1DAFD972D09BE3E00D8B418 /* Debug */ = {
			isa = XCBuildConfiguration;
			buildSettings = {
				ALWAYS_SEARCH_USER_PATHS = NO;
				ASSETCATALOG_COMPILER_GENERATE_SWIFT_ASSET_SYMBOL_EXTENSIONS = YES;
				CLANG_ANALYZER_NONNULL = YES;
				CLANG_ANALYZER_NUMBER_OBJECT_CONVERSION = YES_AGGRESSIVE;
				CLANG_CXX_LANGUAGE_STANDARD = "gnu++20";
				CLANG_ENABLE_MODULES = YES;
				CLANG_ENABLE_OBJC_ARC = YES;
				CLANG_ENABLE_OBJC_WEAK = YES;
				CLANG_WARN_BLOCK_CAPTURE_AUTORELEASING = YES;
				CLANG_WARN_BOOL_CONVERSION = YES;
				CLANG_WARN_COMMA = YES;
				CLANG_WARN_CONSTANT_CONVERSION = YES;
				CLANG_WARN_DEPRECATED_OBJC_IMPLEMENTATIONS = YES;
				CLANG_WARN_DIRECT_OBJC_ISA_USAGE = YES_ERROR;
				CLANG_WARN_DOCUMENTATION_COMMENTS = YES;
				CLANG_WARN_EMPTY_BODY = YES;
				CLANG_WARN_ENUM_CONVERSION = YES;
				CLANG_WARN_INFINITE_RECURSION = YES;
				CLANG_WARN_INT_CONVERSION = YES;
				CLANG_WARN_NON_LITERAL_NULL_CONVERSION = YES;
				CLANG_WARN_OBJC_IMPLICIT_RETAIN_SELF = YES;
				CLANG_WARN_OBJC_LITERAL_CONVERSION = YES;
				CLANG_WARN_OBJC_ROOT_CLASS = YES_ERROR;
				CLANG_WARN_QUOTED_INCLUDE_IN_FRAMEWORK_HEADER = YES;
				CLANG_WARN_RANGE_LOOP_ANALYSIS = YES;
				CLANG_WARN_STRICT_PROTOTYPES = YES;
				CLANG_WARN_SUSPICIOUS_MOVE = YES;
				CLANG_WARN_UNGUARDED_AVAILABILITY = YES_AGGRESSIVE;
				CLANG_WARN_UNREACHABLE_CODE = YES;
				CLANG_WARN__DUPLICATE_METHOD_MATCH = YES;
				COPY_PHASE_STRIP = NO;
				DEBUG_INFORMATION_FORMAT = dwarf;
				ENABLE_STRICT_OBJC_MSGSEND = YES;
				ENABLE_TESTABILITY = YES;
				ENABLE_USER_SCRIPT_SANDBOXING = YES;
				GCC_C_LANGUAGE_STANDARD = gnu17;
				GCC_DYNAMIC_NO_PIC = NO;
				GCC_NO_COMMON_BLOCKS = YES;
				GCC_OPTIMIZATION_LEVEL = 0;
				GCC_PREPROCESSOR_DEFINITIONS = (
					"DEBUG=1",
					"$(inherited)",
				);
				GCC_WARN_64_TO_32_BIT_CONVERSION = YES;
				GCC_WARN_ABOUT_RETURN_TYPE = YES_ERROR;
				GCC_WARN_UNDECLARED_SELECTOR = YES;
				GCC_WARN_UNINITIALIZED_AUTOS = YES_AGGRESSIVE;
				GCC_WARN_UNUSED_FUNCTION = YES;
				GCC_WARN_UNUSED_VARIABLE = YES;
				LOCALIZATION_PREFERS_STRING_CATALOGS = YES;
				MACOSX_DEPLOYMENT_TARGET = 13.6;
				MTL_ENABLE_DEBUG_INFO = INCLUDE_SOURCE;
				MTL_FAST_MATH = YES;
				ONLY_ACTIVE_ARCH = YES;
				SDKROOT = macosx;
				SWIFT_ACTIVE_COMPILATION_CONDITIONS = "DEBUG $(inherited)";
				SWIFT_OPTIMIZATION_LEVEL = "-Onone";
			};
			name = Debug;
		};
		C1DAFD982D09BE3E00D8B418 /* Release */ = {
			isa = XCBuildConfiguration;
			buildSettings = {
				ALWAYS_SEARCH_USER_PATHS = NO;
				ASSETCATALOG_COMPILER_GENERATE_SWIFT_ASSET_SYMBOL_EXTENSIONS = YES;
				CLANG_ANALYZER_NONNULL = YES;
				CLANG_ANALYZER_NUMBER_OBJECT_CONVERSION = YES_AGGRESSIVE;
				CLANG_CXX_LANGUAGE_STANDARD = "gnu++20";
				CLANG_ENABLE_MODULES = YES;
				CLANG_ENABLE_OBJC_ARC = YES;
				CLANG_ENABLE_OBJC_WEAK = YES;
				CLANG_WARN_BLOCK_CAPTURE_AUTORELEASING = YES;
				CLANG_WARN_BOOL_CONVERSION = YES;
				CLANG_WARN_COMMA = YES;
				CLANG_WARN_CONSTANT_CONVERSION = YES;
				CLANG_WARN_DEPRECATED_OBJC_IMPLEMENTATIONS = YES;
				CLANG_WARN_DIRECT_OBJC_ISA_USAGE = YES_ERROR;
				CLANG_WARN_DOCUMENTATION_COMMENTS = YES;
				CLANG_WARN_EMPTY_BODY = YES;
				CLANG_WARN_ENUM_CONVERSION = YES;
				CLANG_WARN_INFINITE_RECURSION = YES;
				CLANG_WARN_INT_CONVERSION = YES;
				CLANG_WARN_NON_LITERAL_NULL_CONVERSION = YES;
				CLANG_WARN_OBJC_IMPLICIT_RETAIN_SELF = YES;
				CLANG_WARN_OBJC_LITERAL_CONVERSION = YES;
				CLANG_WARN_OBJC_ROOT_CLASS = YES_ERROR;
				CLANG_WARN_QUOTED_INCLUDE_IN_FRAMEWORK_HEADER = YES;
				CLANG_WARN_RANGE_LOOP_ANALYSIS = YES;
				CLANG_WARN_STRICT_PROTOTYPES = YES;
				CLANG_WARN_SUSPICIOUS_MOVE = YES;
				CLANG_WARN_UNGUARDED_AVAILABILITY = YES_AGGRESSIVE;
				CLANG_WARN_UNREACHABLE_CODE = YES;
				CLANG_WARN__DUPLICATE_METHOD_MATCH = YES;
				COPY_PHASE_STRIP = NO;
				DEBUG_INFORMATION_FORMAT = "dwarf-with-dsym";
				ENABLE_NS_ASSERTIONS = NO;
				ENABLE_STRICT_OBJC_MSGSEND = YES;
				ENABLE_USER_SCRIPT_SANDBOXING = YES;
				GCC_C_LANGUAGE_STANDARD = gnu17;
				GCC_NO_COMMON_BLOCKS = YES;
				GCC_WARN_64_TO_32_BIT_CONVERSION = YES;
				GCC_WARN_ABOUT_RETURN_TYPE = YES_ERROR;
				GCC_WARN_UNDECLARED_SELECTOR = YES;
				GCC_WARN_UNINITIALIZED_AUTOS = YES_AGGRESSIVE;
				GCC_WARN_UNUSED_FUNCTION = YES;
				GCC_WARN_UNUSED_VARIABLE = YES;
				LOCALIZATION_PREFERS_STRING_CATALOGS = YES;
				MACOSX_DEPLOYMENT_TARGET = 13.6;
				MTL_ENABLE_DEBUG_INFO = NO;
				MTL_FAST_MATH = YES;
				SDKROOT = macosx;
				SWIFT_COMPILATION_MODE = wholemodule;
			};
			name = Release;
		};
		C1DAFD9A2D09BE3E00D8B418 /* Debug */ = {
			isa = XCBuildConfiguration;
			buildSettings = {
				ASSETCATALOG_COMPILER_APPICON_NAME = AppIcon;
				ASSETCATALOG_COMPILER_GLOBAL_ACCENT_COLOR_NAME = AccentColor;
				CODE_SIGN_ENTITLEMENTS = HotkeyManager/HotkeyManager.entitlements;
				CODE_SIGN_STYLE = Automatic;
				COMBINE_HIDPI_IMAGES = YES;
				CURRENT_PROJECT_VERSION = 1;
				DEVELOPMENT_ASSET_PATHS = "\"HotkeyManager/Preview Content\"";
				DEVELOPMENT_TEAM = W8PUMC6S2U;
				ENABLE_PREVIEWS = YES;
				GENERATE_INFOPLIST_FILE = YES;
				INFOPLIST_KEY_NSHumanReadableCopyright = "";
				LD_RUNPATH_SEARCH_PATHS = (
					"$(inherited)",
					"@executable_path/../Frameworks",
				);
				MACOSX_DEPLOYMENT_TARGET = 12.0;
				MARKETING_VERSION = 1.0;
				PRODUCT_BUNDLE_IDENTIFIER = sonder.HotkeyManager;
				PRODUCT_NAME = "$(TARGET_NAME)";
				SWIFT_EMIT_LOC_STRINGS = YES;
				SWIFT_VERSION = 5.0;
			};
			name = Debug;
		};
		C1DAFD9B2D09BE3E00D8B418 /* Release */ = {
			isa = XCBuildConfiguration;
			buildSettings = {
				ASSETCATALOG_COMPILER_APPICON_NAME = AppIcon;
				ASSETCATALOG_COMPILER_GLOBAL_ACCENT_COLOR_NAME = AccentColor;
				CODE_SIGN_ENTITLEMENTS = HotkeyManager/HotkeyManager.entitlements;
				CODE_SIGN_STYLE = Automatic;
				COMBINE_HIDPI_IMAGES = YES;
				CURRENT_PROJECT_VERSION = 1;
				DEVELOPMENT_ASSET_PATHS = "\"HotkeyManager/Preview Content\"";
				DEVELOPMENT_TEAM = W8PUMC6S2U;
				ENABLE_PREVIEWS = YES;
				GENERATE_INFOPLIST_FILE = YES;
				INFOPLIST_KEY_NSHumanReadableCopyright = "";
				LD_RUNPATH_SEARCH_PATHS = (
					"$(inherited)",
					"@executable_path/../Frameworks",
				);
				MACOSX_DEPLOYMENT_TARGET = 12.0;
				MARKETING_VERSION = 1.0;
				PRODUCT_BUNDLE_IDENTIFIER = sonder.HotkeyManager;
				PRODUCT_NAME = "$(TARGET_NAME)";
				SWIFT_EMIT_LOC_STRINGS = YES;
				SWIFT_VERSION = 5.0;
			};
			name = Release;
		};
		C1DAFD9D2D09BE3E00D8B418 /* Debug */ = {
			isa = XCBuildConfiguration;
			buildSettings = {
				ALWAYS_EMBED_SWIFT_STANDARD_LIBRARIES = YES;
				BUNDLE_LOADER = "$(TEST_HOST)";
				CODE_SIGN_STYLE = Automatic;
				CURRENT_PROJECT_VERSION = 1;
				GENERATE_INFOPLIST_FILE = YES;
				MACOSX_DEPLOYMENT_TARGET = 13.6;
				MARKETING_VERSION = 1.0;
				PRODUCT_BUNDLE_IDENTIFIER = sonder.HotkeyManagerTests;
				PRODUCT_NAME = "$(TARGET_NAME)";
				SWIFT_EMIT_LOC_STRINGS = NO;
				SWIFT_VERSION = 5.0;
				TEST_HOST = "$(BUILT_PRODUCTS_DIR)/HotkeyManager.app/$(BUNDLE_EXECUTABLE_FOLDER_PATH)/HotkeyManager";
			};
			name = Debug;
		};
		C1DAFD9E2D09BE3E00D8B418 /* Release */ = {
			isa = XCBuildConfiguration;
			buildSettings = {
				ALWAYS_EMBED_SWIFT_STANDARD_LIBRARIES = YES;
				BUNDLE_LOADER = "$(TEST_HOST)";
				CODE_SIGN_STYLE = Automatic;
				CURRENT_PROJECT_VERSION = 1;
				GENERATE_INFOPLIST_FILE = YES;
				MACOSX_DEPLOYMENT_TARGET = 13.6;
				MARKETING_VERSION = 1.0;
				PRODUCT_BUNDLE_IDENTIFIER = sonder.HotkeyManagerTests;
				PRODUCT_NAME = "$(TARGET_NAME)";
				SWIFT_EMIT_LOC_STRINGS = NO;
				SWIFT_VERSION = 5.0;
				TEST_HOST = "$(BUILT_PRODUCTS_DIR)/HotkeyManager.app/$(BUNDLE_EXECUTABLE_FOLDER_PATH)/HotkeyManager";
			};
			name = Release;
		};
		C1DAFDA02D09BE3E00D8B418 /* Debug */ = {
			isa = XCBuildConfiguration;
			buildSettings = {
				ALWAYS_EMBED_SWIFT_STANDARD_LIBRARIES = YES;
				CODE_SIGN_STYLE = Automatic;
				CURRENT_PROJECT_VERSION = 1;
				GENERATE_INFOPLIST_FILE = YES;
				MARKETING_VERSION = 1.0;
				PRODUCT_BUNDLE_IDENTIFIER = sonder.HotkeyManagerUITests;
				PRODUCT_NAME = "$(TARGET_NAME)";
				SWIFT_EMIT_LOC_STRINGS = NO;
				SWIFT_VERSION = 5.0;
				TEST_TARGET_NAME = HotkeyManager;
			};
			name = Debug;
		};
		C1DAFDA12D09BE3E00D8B418 /* Release */ = {
			isa = XCBuildConfiguration;
			buildSettings = {
				ALWAYS_EMBED_SWIFT_STANDARD_LIBRARIES = YES;
				CODE_SIGN_STYLE = Automatic;
				CURRENT_PROJECT_VERSION = 1;
				GENERATE_INFOPLIST_FILE = YES;
				MARKETING_VERSION = 1.0;
				PRODUCT_BUNDLE_IDENTIFIER = sonder.HotkeyManagerUITests;
				PRODUCT_NAME = "$(TARGET_NAME)";
				SWIFT_EMIT_LOC_STRINGS = NO;
				SWIFT_VERSION = 5.0;
				TEST_TARGET_NAME = HotkeyManager;
			};
			name = Release;
		};
/* End XCBuildConfiguration section */

/* Begin XCConfigurationList section */
		C1DAFD6F2D09BE3C00D8B418 /* Build configuration list for PBXProject "HotkeyManager" */ = {
			isa = XCConfigurationList;
			buildConfigurations = (
				C1DAFD972D09BE3E00D8B418 /* Debug */,
				C1DAFD982D09BE3E00D8B418 /* Release */,
			);
			defaultConfigurationIsVisible = 0;
			defaultConfigurationName = Release;
		};
		C1DAFD992D09BE3E00D8B418 /* Build configuration list for PBXNativeTarget "HotkeyManager" */ = {
			isa = XCConfigurationList;
			buildConfigurations = (
				C1DAFD9A2D09BE3E00D8B418 /* Debug */,
				C1DAFD9B2D09BE3E00D8B418 /* Release */,
			);
			defaultConfigurationIsVisible = 0;
			defaultConfigurationName = Release;
		};
		C1DAFD9C2D09BE3E00D8B418 /* Build configuration list for PBXNativeTarget "HotkeyManagerTests" */ = {
			isa = XCConfigurationList;
			buildConfigurations = (
				C1DAFD9D2D09BE3E00D8B418 /* Debug */,
				C1DAFD9E2D09BE3E00D8B418 /* Release */,
			);
			defaultConfigurationIsVisible = 0;
			defaultConfigurationName = Release;
		};
		C1DAFD9F2D09BE3E00D8B418 /* Build configuration list for PBXNativeTarget "HotkeyManagerUITests" */ = {
			isa = XCConfigurationList;
			buildConfigurations = (
				C1DAFDA02D09BE3E00D8B418 /* Debug */,
				C1DAFDA12D09BE3E00D8B418 /* Release */,
			);
			defaultConfigurationIsVisible = 0;
			defaultConfigurationName = Release;
		};
/* End XCConfigurationList section */

/* Begin XCVersionGroup section */
		C1DAFDAD2D09D12800D8B418 /* HotkeyManager.xcdatamodeld */ = {
			isa = XCVersionGroup;
			children = (
				C1DAFDAE2D09D12800D8B418 /* HotkeyManager.xcdatamodel */,
			);
			currentVersion = C1DAFDAE2D09D12800D8B418 /* HotkeyManager.xcdatamodel */;
			path = HotkeyManager.xcdatamodeld;
			sourceTree = "<group>";
			versionGroupType = wrapper.xcdatamodel;
		};
/* End XCVersionGroup section */
	};
	rootObject = C1DAFD6C2D09BE3C00D8B418 /* Project object */;
}
